
Microsoft Visual Studio Solution File, Format Version 12.00
Project("{2150E333-8FDC-42A3-9474-1A3956D46DE8}") = "Solution Items", "Solution Items", "{8058589F-EAE8-4E96-A407-241D5172649B}"
	ProjectSection(SolutionItems) = preProject
		docker-compose.yaml = docker-compose.yaml
		otel-collector-config.yaml = otel-collector-config.yaml
		Directory.Build.props = Directory.Build.props
		prometheus.yaml = prometheus.yaml
		StyleCop.ruleset = StyleCop.ruleset
		tempo.yaml = tempo.yaml
		grafana-datasources.yaml = grafana-datasources.yaml
	EndProjectSection
EndProject
Project("{FAE04EC0-301F-11D3-BF4B-00C04F79EFBC}") = "Omicron", "Omicron\Omicron.csproj", "{860C94C2-347D-47DC-9219-02C272B187D1}"
EndProject
Project("{FAE04EC0-301F-11D3-BF4B-00C04F79EFBC}") = "Sigma", "Sigma\Sigma.csproj", "{25E9379A-5ED4-4C2F-9CEE-B11F66997586}"
EndProject
Project("{FAE04EC0-301F-11D3-BF4B-00C04F79EFBC}") = "Shared", "Shared\Shared.csproj", "{127E4464-5559-49E0-BA7F-BD22AA340D20}"
EndProject
Project("{FAE04EC0-301F-11D3-BF4B-00C04F79EFBC}") = "Mu", "Mu\Mu.csproj", "{EB62AA18-2375-4E51-8A8B-FF5B324AC5D5}"
EndProject
Project("{FAE04EC0-301F-11D3-BF4B-00C04F79EFBC}") = "Epsilon", "Epsilon\Epsilon.csproj", "{FC5C9D6E-0308-4016-8880-1119B3FBED18}"
EndProject
Project("{FAE04EC0-301F-11D3-BF4B-00C04F79EFBC}") = "Alpha", "Alpha\Alpha.csproj", "{E778E334-309B-493B-9D52-CAD017278634}"
EndProject
Project("{2150E333-8FDC-42A3-9474-1A3956D46DE8}") = "Clients", "Clients", "{B36368C8-5ED2-40D3-9501-29FEB32C851C}"
EndProject
Project("{FAE04EC0-301F-11D3-BF4B-00C04F79EFBC}") = "Epsilon.Client", "Clients\Epsilon.Client\Epsilon.Client.csproj", "{6AD777A9-819A-4226-8688-92589589E269}"
EndProject
Project("{FAE04EC0-301F-11D3-BF4B-00C04F79EFBC}") = "Shared.MassTransit", "Shared.MassTransit\Shared.MassTransit.csproj", "{13FCD705-C425-47F5-857B-9EFD33CAF3BD}"
EndProject
Project("{FAE04EC0-301F-11D3-BF4B-00C04F79EFBC}") = "Mu.Client", "Clients\Mu.Client\Mu.Client.csproj", "{9B72DFDD-19F0-49C6-9714-A4AA405FF25A}"
EndProject
Global
	GlobalSection(SolutionConfigurationPlatforms) = preSolution
		Debug|Any CPU = Debug|Any CPU
		Release|Any CPU = Release|Any CPU
	EndGlobalSection
	GlobalSection(ProjectConfigurationPlatforms) = postSolution
		{860C94C2-347D-47DC-9219-02C272B187D1}.Debug|Any CPU.ActiveCfg = Debug|Any CPU
		{860C94C2-347D-47DC-9219-02C272B187D1}.Debug|Any CPU.Build.0 = Debug|Any CPU
		{860C94C2-347D-47DC-9219-02C272B187D1}.Release|Any CPU.ActiveCfg = Release|Any CPU
		{860C94C2-347D-47DC-9219-02C272B187D1}.Release|Any CPU.Build.0 = Release|Any CPU
		{25E9379A-5ED4-4C2F-9CEE-B11F66997586}.Debug|Any CPU.ActiveCfg = Debug|Any CPU
		{25E9379A-5ED4-4C2F-9CEE-B11F66997586}.Debug|Any CPU.Build.0 = Debug|Any CPU
		{25E9379A-5ED4-4C2F-9CEE-B11F66997586}.Release|Any CPU.ActiveCfg = Release|Any CPU
		{25E9379A-5ED4-4C2F-9CEE-B11F66997586}.Release|Any CPU.Build.0 = Release|Any CPU
		{127E4464-5559-49E0-BA7F-BD22AA340D20}.Debug|Any CPU.ActiveCfg = Debug|Any CPU
		{127E4464-5559-49E0-BA7F-BD22AA340D20}.Debug|Any CPU.Build.0 = Debug|Any CPU
		{127E4464-5559-49E0-BA7F-BD22AA340D20}.Release|Any CPU.ActiveCfg = Release|Any CPU
		{127E4464-5559-49E0-BA7F-BD22AA340D20}.Release|Any CPU.Build.0 = Release|Any CPU
		{EB62AA18-2375-4E51-8A8B-FF5B324AC5D5}.Debug|Any CPU.ActiveCfg = Debug|Any CPU
		{EB62AA18-2375-4E51-8A8B-FF5B324AC5D5}.Debug|Any CPU.Build.0 = Debug|Any CPU
		{EB62AA18-2375-4E51-8A8B-FF5B324AC5D5}.Release|Any CPU.ActiveCfg = Release|Any CPU
		{EB62AA18-2375-4E51-8A8B-FF5B324AC5D5}.Release|Any CPU.Build.0 = Release|Any CPU
		{FC5C9D6E-0308-4016-8880-1119B3FBED18}.Debug|Any CPU.ActiveCfg = Debug|Any CPU
		{FC5C9D6E-0308-4016-8880-1119B3FBED18}.Debug|Any CPU.Build.0 = Debug|Any CPU
		{FC5C9D6E-0308-4016-8880-1119B3FBED18}.Release|Any CPU.ActiveCfg = Release|Any CPU
		{FC5C9D6E-0308-4016-8880-1119B3FBED18}.Release|Any CPU.Build.0 = Release|Any CPU
		{E778E334-309B-493B-9D52-CAD017278634}.Debug|Any CPU.ActiveCfg = Debug|Any CPU
		{E778E334-309B-493B-9D52-CAD017278634}.Debug|Any CPU.Build.0 = Debug|Any CPU
		{E778E334-309B-493B-9D52-CAD017278634}.Release|Any CPU.ActiveCfg = Release|Any CPU
		{E778E334-309B-493B-9D52-CAD017278634}.Release|Any CPU.Build.0 = Release|Any CPU
		{6AD777A9-819A-4226-8688-92589589E269}.Debug|Any CPU.ActiveCfg = Debug|Any CPU
		{6AD777A9-819A-4226-8688-92589589E269}.Debug|Any CPU.Build.0 = Debug|Any CPU
		{6AD777A9-819A-4226-8688-92589589E269}.Release|Any CPU.ActiveCfg = Release|Any CPU
		{6AD777A9-819A-4226-8688-92589589E269}.Release|Any CPU.Build.0 = Release|Any CPU
		{13FCD705-C425-47F5-857B-9EFD33CAF3BD}.Debug|Any CPU.ActiveCfg = Debug|Any CPU
		{13FCD705-C425-47F5-857B-9EFD33CAF3BD}.Debug|Any CPU.Build.0 = Debug|Any CPU
		{13FCD705-C425-47F5-857B-9EFD33CAF3BD}.Release|Any CPU.ActiveCfg = Release|Any CPU
		{13FCD705-C425-47F5-857B-9EFD33CAF3BD}.Release|Any CPU.Build.0 = Release|Any CPU
		{9B72DFDD-19F0-49C6-9714-A4AA405FF25A}.Debug|Any CPU.ActiveCfg = Debug|Any CPU
		{9B72DFDD-19F0-49C6-9714-A4AA405FF25A}.Debug|Any CPU.Build.0 = Debug|Any CPU
		{9B72DFDD-19F0-49C6-9714-A4AA405FF25A}.Release|Any CPU.ActiveCfg = Release|Any CPU
		{9B72DFDD-19F0-49C6-9714-A4AA405FF25A}.Release|Any CPU.Build.0 = Release|Any CPU
	EndGlobalSection
	GlobalSection(NestedProjects) = preSolution
		{6AD777A9-819A-4226-8688-92589589E269} = {B36368C8-5ED2-40D3-9501-29FEB32C851C}
		{9B72DFDD-19F0-49C6-9714-A4AA405FF25A} = {B36368C8-5ED2-40D3-9501-29FEB32C851C}
	EndGlobalSection
EndGlobal
